
Microsoft Visual Studio Solution File, Format Version 12.00
# Visual Studio Version 16
VisualStudioVersion = 16.0.30001.183
MinimumVisualStudioVersion = 10.0.40219.1
Project("{9A19103F-16F7-4668-BE54-9A1E7A4F7556}") = "AzulApp", "AzulApp.csproj", "{2CDAF99D-D33B-4518-A73B-F0F4A7A79FED}"
EndProject
Project("{2150E333-8FDC-42A3-9474-1A3956D46DE8}") = "Solution Items", "Solution Items", "{63943181-1077-4597-B7E5-BF91EA809D7F}"
	ProjectSection(SolutionItems) = preProject
		.editorconfig = .editorconfig
	EndProjectSection
EndProject
Global
	GlobalSection(SolutionConfigurationPlatforms) = preSolution
		Debug|Any CPU = Debug|Any CPU
		Release|Any CPU = Release|Any CPU
	EndGlobalSection
	GlobalSection(ProjectConfigurationPlatforms) = postSolution
		{2CDAF99D-D33B-4518-A73B-F0F4A7A79FED}.Debug|Any CPU.ActiveCfg = Debug|Any CPU
		{2CDAF99D-D33B-4518-A73B-F0F4A7A79FED}.Debug|Any CPU.Build.0 = Debug|Any CPU
		{2CDAF99D-D33B-4518-A73B-F0F4A7A79FED}.Release|Any CPU.ActiveCfg = Release|Any CPU
		{2CDAF99D-D33B-4518-A73B-F0F4A7A79FED}.Release|Any CPU.Build.0 = Release|Any CPU
	EndGlobalSection
	GlobalSection(SolutionProperties) = preSolution
		HideSolutionNode = FALSE
	EndGlobalSection
	GlobalSection(ExtensibilityGlobals) = postSolution
		SolutionGuid = {88BBA2BA-2FDE-4567-A400-39829D153B04}
	EndGlobalSection
EndGlobal
